
Microsoft Visual Studio Solution File, Format Version 12.00
# Visual Studio 15
VisualStudioVersion = 15.0.27004.2009
MinimumVisualStudioVersion = 10.0.40219.1
Project("{FAE04EC0-301F-11D3-BF4B-00C04F79EFBC}") = "TopChain.Miner", "TopChain.Miner\TopChain.Miner.csproj", "{59B1B009-2B86-45BE-88CD-AA8EF4D68DD4}"
EndProject
Global
	GlobalSection(SolutionConfigurationPlatforms) = preSolution
		Debug|Any CPU = Debug|Any CPU
		Release|Any CPU = Release|Any CPU
	EndGlobalSection
	GlobalSection(ProjectConfigurationPlatforms) = postSolution
		{59B1B009-2B86-45BE-88CD-AA8EF4D68DD4}.Debug|Any CPU.ActiveCfg = Debug|Any CPU
		{59B1B009-2B86-45BE-88CD-AA8EF4D68DD4}.Debug|Any CPU.Build.0 = Debug|Any CPU
		{59B1B009-2B86-45BE-88CD-AA8EF4D68DD4}.Release|Any CPU.ActiveCfg = Release|Any CPU
		{59B1B009-2B86-45BE-88CD-AA8EF4D68DD4}.Release|Any CPU.Build.0 = Release|Any CPU
	EndGlobalSection
	GlobalSection(SolutionProperties) = preSolution
		HideSolutionNode = FALSE
	EndGlobalSection
	GlobalSection(ExtensibilityGlobals) = postSolution
		SolutionGuid = {FB7F481B-BD43-461B-9A5A-0D2BEFF83D35}
	EndGlobalSection
EndGlobal
